
Microsoft Visual Studio Solution File, Format Version 12.00
# Visual Studio Version 17
VisualStudioVersion = 17.3.32929.385
MinimumVisualStudioVersion = 10.0.40219.1
Project("{9A19103F-16F7-4668-BE54-9A1E7A4F7556}") = "FilteringService", "FilteringService.csproj", "{9C0305F2-20D4-4A7D-BD0B-8D996E87E64A}"
EndProject
Project("{FAE04EC0-301F-11D3-BF4B-00C04F79EFBC}") = "FilteringServiceTest", "..\FilteringServiceTest\FilteringServiceTest.csproj", "{F59600AD-7B07-4182-84E0-4C1D4A4B6098}"
EndProject
Global
	GlobalSection(SolutionConfigurationPlatforms) = preSolution
		Debug|Any CPU = Debug|Any CPU
		Release|Any CPU = Release|Any CPU
	EndGlobalSection
	GlobalSection(ProjectConfigurationPlatforms) = postSolution
		{9C0305F2-20D4-4A7D-BD0B-8D996E87E64A}.Debug|Any CPU.ActiveCfg = Debug|Any CPU
		{9C0305F2-20D4-4A7D-BD0B-8D996E87E64A}.Debug|Any CPU.Build.0 = Debug|Any CPU
		{9C0305F2-20D4-4A7D-BD0B-8D996E87E64A}.Release|Any CPU.ActiveCfg = Release|Any CPU
		{9C0305F2-20D4-4A7D-BD0B-8D996E87E64A}.Release|Any CPU.Build.0 = Release|Any CPU
		{F59600AD-7B07-4182-84E0-4C1D4A4B6098}.Debug|Any CPU.ActiveCfg = Debug|Any CPU
		{F59600AD-7B07-4182-84E0-4C1D4A4B6098}.Debug|Any CPU.Build.0 = Debug|Any CPU
		{F59600AD-7B07-4182-84E0-4C1D4A4B6098}.Release|Any CPU.ActiveCfg = Release|Any CPU
		{F59600AD-7B07-4182-84E0-4C1D4A4B6098}.Release|Any CPU.Build.0 = Release|Any CPU
	EndGlobalSection
	GlobalSection(SolutionProperties) = preSolution
		HideSolutionNode = FALSE
	EndGlobalSection
	GlobalSection(ExtensibilityGlobals) = postSolution
		SolutionGuid = {E1E96050-97AE-4E8B-85FD-53C3D1F0441F}
	EndGlobalSection
EndGlobal
